
Microsoft Visual Studio Solution File, Format Version 12.00
# Visual Studio Version 17
VisualStudioVersion = 17.0.32014.148
MinimumVisualStudioVersion = 10.0.40219.1
Project("{FAE04EC0-301F-11D3-BF4B-00C04F79EFBC}") = "FilmesAPI", "FilmesAPI\FilmesAPI.csproj", "{907C7D58-2A3B-4544-9F93-E1F86BC3CF18}"
EndProject
Global
	GlobalSection(SolutionConfigurationPlatforms) = preSolution
		Debug|Any CPU = Debug|Any CPU
		Release|Any CPU = Release|Any CPU
	EndGlobalSection
	GlobalSection(ProjectConfigurationPlatforms) = postSolution
		{907C7D58-2A3B-4544-9F93-E1F86BC3CF18}.Debug|Any CPU.ActiveCfg = Debug|Any CPU
		{907C7D58-2A3B-4544-9F93-E1F86BC3CF18}.Debug|Any CPU.Build.0 = Debug|Any CPU
		{907C7D58-2A3B-4544-9F93-E1F86BC3CF18}.Release|Any CPU.ActiveCfg = Release|Any CPU
		{907C7D58-2A3B-4544-9F93-E1F86BC3CF18}.Release|Any CPU.Build.0 = Release|Any CPU
	EndGlobalSection
	GlobalSection(SolutionProperties) = preSolution
		HideSolutionNode = FALSE
	EndGlobalSection
	GlobalSection(ExtensibilityGlobals) = postSolution
		SolutionGuid = {79D7BBEF-6985-4F89-8026-29DD82EFA644}
	EndGlobalSection
EndGlobal
